# THIS IS AN AUTOGENERATED FILE. DO NOT EDIT THIS FILE DIRECTLY.
# yarn lockfile v1


"@types/node@^18.0.6":
  version "18.0.6"
  resolved "https://registry.yarnpkg.com/@types/node/-/node-18.0.6.tgz#0ba49ac517ad69abe7a1508bc9b3a5483df9d5d7"
  integrity sha512-/xUq6H2aQm261exT6iZTMifUySEt4GR5KX8eYyY+C4MSNPqSh9oNIP7tz2GLKTlFaiBbgZNxffoR3CVRG+cljw==

serialize-error@^11.0.0:
  version "11.0.0"
  resolved "https://registry.yarnpkg.com/serialize-error/-/serialize-error-11.0.0.tgz#0129f2b07b19b09bc7a5f2d850ffe9cd2d561582"
  integrity sha512-YKrURWDqcT3VGX/s/pCwaWtpfJEEaEw5Y4gAnQDku92b/HjVj4r4UhA5QrMVMFotymK2wIWs5xthny5SMFu7Vw==
  dependencies:
    type-fest "^2.12.2"

type-fest@^2.12.2:
  version "2.17.0"
  resolved "https://registry.yarnpkg.com/type-fest/-/type-fest-2.17.0.tgz#c677030ce61e5be0c90c077d52571eb73c506ea9"
  integrity sha512-U+g3/JVXnOki1kLSc+xZGPRll3Ah9u2VIG6Sn9iH9YX6UkPERmt6O/0fIyTgsd2/whV0+gAaHAg8fz6sG1QzMA==
